
Microsoft Visual Studio Solution File, Format Version 12.00
# Visual Studio Version 17
VisualStudioVersion = 17.5.33424.131
MinimumVisualStudioVersion = 10.0.40219.1
Project("{FAE04EC0-301F-11D3-BF4B-00C04F79EFBC}") = "Mid_assignment", "Mid_assignment\Mid_assignment.csproj", "{98CAAF33-0259-4385-BD51-0A1530AB0A26}"
EndProject
Global
	GlobalSection(SolutionConfigurationPlatforms) = preSolution
		Debug|Any CPU = Debug|Any CPU
		Release|Any CPU = Release|Any CPU
	EndGlobalSection
	GlobalSection(ProjectConfigurationPlatforms) = postSolution
		{98CAAF33-0259-4385-BD51-0A1530AB0A26}.Debug|Any CPU.ActiveCfg = Debug|Any CPU
		{98CAAF33-0259-4385-BD51-0A1530AB0A26}.Debug|Any CPU.Build.0 = Debug|Any CPU
		{98CAAF33-0259-4385-BD51-0A1530AB0A26}.Release|Any CPU.ActiveCfg = Release|Any CPU
		{98CAAF33-0259-4385-BD51-0A1530AB0A26}.Release|Any CPU.Build.0 = Release|Any CPU
	EndGlobalSection
	GlobalSection(SolutionProperties) = preSolution
		HideSolutionNode = FALSE
	EndGlobalSection
	GlobalSection(ExtensibilityGlobals) = postSolution
		SolutionGuid = {6048D0D5-4AE3-4E25-8BF6-9CDEE386AEFC}
	EndGlobalSection
EndGlobal
